
Microsoft Visual Studio Solution File, Format Version 12.00
# Visual Studio Version 17
VisualStudioVersion = 17.14.36327.8 d17.14
MinimumVisualStudioVersion = 10.0.40219.1
Project("{FAE04EC0-301F-11D3-BF4B-00C04F79EFBC}") = "CalculadoraDeImc", "CalculadoraDeImc\CalculadoraDeImc.csproj", "{3D04B6B9-ACAC-4C3A-8848-A2F78D9FCBBF}"
EndProject
Global
	GlobalSection(SolutionConfigurationPlatforms) = preSolution
		Debug|Any CPU = Debug|Any CPU
		Release|Any CPU = Release|Any CPU
	EndGlobalSection
	GlobalSection(ProjectConfigurationPlatforms) = postSolution
		{3D04B6B9-ACAC-4C3A-8848-A2F78D9FCBBF}.Debug|Any CPU.ActiveCfg = Debug|Any CPU
		{3D04B6B9-ACAC-4C3A-8848-A2F78D9FCBBF}.Debug|Any CPU.Build.0 = Debug|Any CPU
		{3D04B6B9-ACAC-4C3A-8848-A2F78D9FCBBF}.Release|Any CPU.ActiveCfg = Release|Any CPU
		{3D04B6B9-ACAC-4C3A-8848-A2F78D9FCBBF}.Release|Any CPU.Build.0 = Release|Any CPU
	EndGlobalSection
	GlobalSection(SolutionProperties) = preSolution
		HideSolutionNode = FALSE
	EndGlobalSection
	GlobalSection(ExtensibilityGlobals) = postSolution
		SolutionGuid = {D69730E4-6F72-442B-86CA-93119839FC8F}
	EndGlobalSection
EndGlobal
